{
  "name": "baxxxxxproject",
  "version": "1.0.1",
  "lockfileVersion": 3,
  "requires": true,
  "packages": {
    "": {
      "name": "baxxxxxproject",
      "version": "1.0.1",
      "license": "MIT",
      "dependencies": {
        "tea-airdrop": "^1.1.5"
      }
    },
    "node_modules/tea-airdrop": {
      "version": "1.1.5",
      "resolved": "https://registry.npmjs.org/tea-airdrop/-/tea-airdrop-1.1.5.tgz",
      "integrity": "sha512-iCpbq+ZIZ+3NKtD4kmoDNXGojG0r6jc1TYIQ6VmD5Wv6S+BTMvzQ1kcS/lsh3bE/wbgkwmyfkn3DVnf0eh3T0A==",
      "dependencies": {
        "tea-airdrop": "^1.1.4"
      }
    }
  }
}
